
Microsoft Visual Studio Solution File, Format Version 12.00
# Visual Studio Version 16
VisualStudioVersion = 16.0.30804.86
MinimumVisualStudioVersion = 10.0.40219.1
Project("{FAE04EC0-301F-11D3-BF4B-00C04F79EFBC}") = "ReactFileUploadDemo.Web", "ReactFileUploadDemo.Web\ReactFileUploadDemo.Web.csproj", "{BFBC5FCA-B3EE-4405-894E-D49131B61EBC}"
EndProject
Global
	GlobalSection(SolutionConfigurationPlatforms) = preSolution
		Debug|Any CPU = Debug|Any CPU
		Release|Any CPU = Release|Any CPU
	EndGlobalSection
	GlobalSection(ProjectConfigurationPlatforms) = postSolution
		{BFBC5FCA-B3EE-4405-894E-D49131B61EBC}.Debug|Any CPU.ActiveCfg = Debug|Any CPU
		{BFBC5FCA-B3EE-4405-894E-D49131B61EBC}.Debug|Any CPU.Build.0 = Debug|Any CPU
		{BFBC5FCA-B3EE-4405-894E-D49131B61EBC}.Release|Any CPU.ActiveCfg = Release|Any CPU
		{BFBC5FCA-B3EE-4405-894E-D49131B61EBC}.Release|Any CPU.Build.0 = Release|Any CPU
	EndGlobalSection
	GlobalSection(SolutionProperties) = preSolution
		HideSolutionNode = FALSE
	EndGlobalSection
	GlobalSection(ExtensibilityGlobals) = postSolution
		SolutionGuid = {C0CE6C47-BBB0-41BB-8831-878AD257058E}
	EndGlobalSection
EndGlobal
